
Microsoft Visual Studio Solution File, Format Version 12.00
# Visual Studio Version 17
VisualStudioVersion = 17.4.33205.214
MinimumVisualStudioVersion = 10.0.40219.1
Project("{FAE04EC0-301F-11D3-BF4B-00C04F79EFBC}") = "CISESPORT", "CISESPORT\CISESPORT.csproj", "{39768052-8E76-4007-BD50-9580C6F1A985}"
EndProject
Global
	GlobalSection(SolutionConfigurationPlatforms) = preSolution
		Debug|Any CPU = Debug|Any CPU
		Release|Any CPU = Release|Any CPU
	EndGlobalSection
	GlobalSection(ProjectConfigurationPlatforms) = postSolution
		{39768052-8E76-4007-BD50-9580C6F1A985}.Debug|Any CPU.ActiveCfg = Debug|Any CPU
		{39768052-8E76-4007-BD50-9580C6F1A985}.Debug|Any CPU.Build.0 = Debug|Any CPU
		{39768052-8E76-4007-BD50-9580C6F1A985}.Release|Any CPU.ActiveCfg = Release|Any CPU
		{39768052-8E76-4007-BD50-9580C6F1A985}.Release|Any CPU.Build.0 = Release|Any CPU
	EndGlobalSection
	GlobalSection(SolutionProperties) = preSolution
		HideSolutionNode = FALSE
	EndGlobalSection
	GlobalSection(ExtensibilityGlobals) = postSolution
		SolutionGuid = {5FE1298C-94FA-42CC-BA80-D574D06B9217}
	EndGlobalSection
EndGlobal
